
Microsoft Visual Studio Solution File, Format Version 12.00
# Visual Studio Version 17
VisualStudioVersion = 17.6.33815.320
MinimumVisualStudioVersion = 10.0.40219.1
Project("{9A19103F-16F7-4668-BE54-9A1E7A4F7556}") = "Api", "Api\Api.csproj", "{5AFEA74E-7318-4688-9FA5-EF891A7E4768}"
EndProject
Global
	GlobalSection(SolutionConfigurationPlatforms) = preSolution
		Debug|Any CPU = Debug|Any CPU
		Release|Any CPU = Release|Any CPU
	EndGlobalSection
	GlobalSection(ProjectConfigurationPlatforms) = postSolution
		{5AFEA74E-7318-4688-9FA5-EF891A7E4768}.Debug|Any CPU.ActiveCfg = Debug|Any CPU
		{5AFEA74E-7318-4688-9FA5-EF891A7E4768}.Debug|Any CPU.Build.0 = Debug|Any CPU
		{5AFEA74E-7318-4688-9FA5-EF891A7E4768}.Release|Any CPU.ActiveCfg = Release|Any CPU
		{5AFEA74E-7318-4688-9FA5-EF891A7E4768}.Release|Any CPU.Build.0 = Release|Any CPU
	EndGlobalSection
	GlobalSection(SolutionProperties) = preSolution
		HideSolutionNode = FALSE
	EndGlobalSection
	GlobalSection(ExtensibilityGlobals) = postSolution
		SolutionGuid = {7476E940-CF7B-4DF7-84B7-9B4A4A970E95}
	EndGlobalSection
EndGlobal
